{
  "nodes": {
    "feh-proteus-simulator-libraries": {
      "flake": false,
      "locked": {
        "lastModified": 1669664300,
        "narHash": "sha256-4cUPc2WnbyeIepV60/9lLOG4x9h/ORfYi7v9j+T83RM=",
        "ref": "refs/heads/main",
        "rev": "b4a94aa27ba6b390d6ce022dbdce32fa89c7ca92",
        "revCount": 22,
        "type": "git",
        "url": "https://code.osu.edu/fehelectronics/proteus_software/simulator_libraries.git"
      },
      "original": {
        "type": "git",
        "url": "https://code.osu.edu/fehelectronics/proteus_software/simulator_libraries.git"
      }
    },
    "flake-utils": {
      "locked": {
        "lastModified": 1667395993,
        "narHash": "sha256-nuEHfE/LcWyuSWnS8t12N1wc105Qtau+/OdUAjtQ0rA=",
        "owner": "numtide",
        "repo": "flake-utils",
        "rev": "5aed5285a952e0b949eb3ba02c12fa4fcfef535f",
        "type": "github"
      },
      "original": {
        "owner": "numtide",
        "repo": "flake-utils",
        "type": "github"
      }
    },
    "nixpkgs": {
      "locked": {
        "lastModified": 1668765800,
        "narHash": "sha256-rC40+/W6Hio7b/RsY8SvQPKNx4WqNcTgfYv8cUMAvJk=",
        "owner": "NixOS",
        "repo": "nixpkgs",
        "rev": "52b2ac8ae18bbad4374ff0dd5aeee0fdf1aea739",
        "type": "github"
      },
      "original": {
        "owner": "NixOS",
        "ref": "nixos-unstable",
        "repo": "nixpkgs",
        "type": "github"
      }
    },
    "nixpkgs-doxygen": {
      "locked": {
        "lastModified": 1661515132,
        "narHash": "sha256-jIQaPG9rgkwfd1Ol+As6b01NNxoapVY+udgOR7ElyAM=",
        "owner": "NixOS",
        "repo": "nixpkgs",
        "rev": "cef50cde2bd337c795159e8b26c7c246206b6740",
        "type": "github"
      },
      "original": {
        "owner": "NixOS",
        "repo": "nixpkgs",
        "rev": "cef50cde2bd337c795159e8b26c7c246206b6740",
        "type": "github"
      }
    },
    "root": {
      "inputs": {
        "feh-proteus-simulator-libraries": "feh-proteus-simulator-libraries",
        "flake-utils": "flake-utils",
        "nixpkgs": "nixpkgs",
        "nixpkgs-doxygen": "nixpkgs-doxygen"
      }
    }
  },
  "root": "root",
  "version": 7
}
